
Microsoft Visual Studio Solution File, Format Version 12.00
# Visual Studio Version 16
VisualStudioVersion = 16.0.31702.278
MinimumVisualStudioVersion = 10.0.40219.1
Project("{FAE04EC0-301F-11D3-BF4B-00C04F79EFBC}") = "RegistrateCorrespondenceAndRegistryTasksServerExtension", "RegistrateCorrespondenceServerExtension\RegistrateCorrespondenceAndRegistryTasksServerExtension.csproj", "{EC523FFB-1425-4165-AD90-39235997440C}"
EndProject
Global
	GlobalSection(SolutionConfigurationPlatforms) = preSolution
		Debug|Any CPU = Debug|Any CPU
		Release|Any CPU = Release|Any CPU
	EndGlobalSection
	GlobalSection(ProjectConfigurationPlatforms) = postSolution
		{EC523FFB-1425-4165-AD90-39235997440C}.Debug|Any CPU.ActiveCfg = Debug|Any CPU
		{EC523FFB-1425-4165-AD90-39235997440C}.Debug|Any CPU.Build.0 = Debug|Any CPU
		{EC523FFB-1425-4165-AD90-39235997440C}.Release|Any CPU.ActiveCfg = Release|Any CPU
		{EC523FFB-1425-4165-AD90-39235997440C}.Release|Any CPU.Build.0 = Release|Any CPU
	EndGlobalSection
	GlobalSection(SolutionProperties) = preSolution
		HideSolutionNode = FALSE
	EndGlobalSection
	GlobalSection(ExtensibilityGlobals) = postSolution
		SolutionGuid = {92855C48-F436-4191-A3FD-D15612E0A955}
	EndGlobalSection
EndGlobal
